
Microsoft Visual Studio Solution File, Format Version 12.00
# Visual Studio Version 17
VisualStudioVersion = 17.2.32519.379
MinimumVisualStudioVersion = 10.0.40219.1
Project("{FAE04EC0-301F-11D3-BF4B-00C04F79EFBC}") = "AzureBatchRenderingCompletionSupervisor", "AzureBatchRenderingCompletionSupervisor\AzureBatchRenderingCompletionSupervisor.csproj", "{3CCA9620-F80C-4A32-A49A-56F51C62BBFE}"
EndProject
Global
	GlobalSection(SolutionConfigurationPlatforms) = preSolution
		Debug|Any CPU = Debug|Any CPU
		Release|Any CPU = Release|Any CPU
	EndGlobalSection
	GlobalSection(ProjectConfigurationPlatforms) = postSolution
		{3CCA9620-F80C-4A32-A49A-56F51C62BBFE}.Debug|Any CPU.ActiveCfg = Debug|Any CPU
		{3CCA9620-F80C-4A32-A49A-56F51C62BBFE}.Debug|Any CPU.Build.0 = Debug|Any CPU
		{3CCA9620-F80C-4A32-A49A-56F51C62BBFE}.Release|Any CPU.ActiveCfg = Release|Any CPU
		{3CCA9620-F80C-4A32-A49A-56F51C62BBFE}.Release|Any CPU.Build.0 = Release|Any CPU
	EndGlobalSection
	GlobalSection(SolutionProperties) = preSolution
		HideSolutionNode = FALSE
	EndGlobalSection
	GlobalSection(ExtensibilityGlobals) = postSolution
		SolutionGuid = {31CF9240-A255-48D0-AE1C-026575D42ABA}
	EndGlobalSection
EndGlobal
